Microsoft Visual Studio Solution File, Format Version 12.00
# Visual Studio Version 17
VisualStudioVersion = 17.5.2.0
MinimumVisualStudioVersion = 10.0.40219.1
Project("{FAE04EC0-301F-11D3-BF4B-00C04F79EFBC}") = "ProjetoVeiculos", "ProjetoVeiculos\ProjetoVeiculos.csproj", "{97292A97-9D11-50CE-D9CE-40D4FB8D25A8}"
EndProject
Global
	GlobalSection(SolutionConfigurationPlatforms) = preSolution
		Debug|Any CPU = Debug|Any CPU
		Release|Any CPU = Release|Any CPU
	EndGlobalSection
	GlobalSection(ProjectConfigurationPlatforms) = postSolution
		{97292A97-9D11-50CE-D9CE-40D4FB8D25A8}.Debug|Any CPU.ActiveCfg = Debug|Any CPU
		{97292A97-9D11-50CE-D9CE-40D4FB8D25A8}.Debug|Any CPU.Build.0 = Debug|Any CPU
		{97292A97-9D11-50CE-D9CE-40D4FB8D25A8}.Release|Any CPU.ActiveCfg = Release|Any CPU
		{97292A97-9D11-50CE-D9CE-40D4FB8D25A8}.Release|Any CPU.Build.0 = Release|Any CPU
	EndGlobalSection
	GlobalSection(SolutionProperties) = preSolution
		HideSolutionNode = FALSE
	EndGlobalSection
	GlobalSection(ExtensibilityGlobals) = postSolution
		SolutionGuid = {79DD4068-ABED-4CA2-A72F-882A4C2D6E81}
	EndGlobalSection
EndGlobal
